
Microsoft Visual Studio Solution File, Format Version 12.00
# Visual Studio Version 17
VisualStudioVersion = 17.10.35122.118
MinimumVisualStudioVersion = 10.0.40219.1
Project("{9A19103F-16F7-4668-BE54-9A1E7A4F7556}") = "UXModule", "UXModule\UXModule.csproj", "{4CEC5659-2D01-4F4E-BDA6-7957E27A099B}"
EndProject
Project("{9A19103F-16F7-4668-BE54-9A1E7A4F7556}") = "Networking", "Networking\Networking.csproj", "{1E1194CD-06FF-4DAF-B77F-9DFB8C31439B}"
EndProject
Project("{9A19103F-16F7-4668-BE54-9A1E7A4F7556}") = "ToolInterface", "SoftwareEngineering2024-UpdaterNew\ToolInterface\ToolInterface.csproj", "{95D42013-7799-4830-8971-9CD5D20CD889}"
EndProject
Project("{FAE04EC0-301F-11D3-BF4B-00C04F79EFBC}") = "FileCloner", "FileCloner\FileCloner.csproj", "{8161D20A-A842-4DB3-9B61-CF822C81B2F2}"
EndProject
Project("{FAE04EC0-301F-11D3-BF4B-00C04F79EFBC}") = "ViewModel", "ViewModel\ViewModel.csproj", "{5ED4F792-0C72-46BA-A6A2-750A10D7349E}"
EndProject
Project("{FAE04EC0-301F-11D3-BF4B-00C04F79EFBC}") = "Screenshare", "Screenshare\Screenshare.csproj", "{4B650E36-A2DE-4CE7-ABAA-144CBAAD7E56}"
EndProject
Project("{FAE04EC0-301F-11D3-BF4B-00C04F79EFBC}") = "Dashboard", "Dashboard\Dashboard.csproj", "{997C3B5B-99D0-404D-A5E3-FBA617685ABC}"
EndProject
Project("{FAE04EC0-301F-11D3-BF4B-00C04F79EFBC}") = "Content", "Content\Content.csproj", "{561C84CA-7FD2-4AD3-AF0A-4DDB56C043AC}"
EndProject
Project("{FAE04EC0-301F-11D3-BF4B-00C04F79EFBC}") = "Updater", "Updater\Updater.csproj", "{1CCEBD4C-6BD7-487F-8A9A-4C859F595001}"
EndProject
Project("{FAE04EC0-301F-11D3-BF4B-00C04F79EFBC}") = "TestProject", "TestProject\TestProject.csproj", "{692AA595-A997-4907-87AB-4074C9A750E0}"
EndProject
Project("{2150E333-8FDC-42A3-9474-1A3956D46DE8}") = "EditorConfig", "EditorConfig", "{215B9813-8F05-4E02-B8EB-E8E219F6B951}"
	ProjectSection(SolutionItems) = preProject
		..\..\..\Downloads\editorconfig = ..\..\..\Downloads\editorconfig
	EndProjectSection
EndProject
Global
	GlobalSection(SolutionConfigurationPlatforms) = preSolution
		Debug|Any CPU = Debug|Any CPU
		Release|Any CPU = Release|Any CPU
	EndGlobalSection
	GlobalSection(ProjectConfigurationPlatforms) = postSolution
		{4CEC5659-2D01-4F4E-BDA6-7957E27A099B}.Debug|Any CPU.ActiveCfg = Debug|Any CPU
		{4CEC5659-2D01-4F4E-BDA6-7957E27A099B}.Debug|Any CPU.Build.0 = Debug|Any CPU
		{4CEC5659-2D01-4F4E-BDA6-7957E27A099B}.Release|Any CPU.ActiveCfg = Release|Any CPU
		{4CEC5659-2D01-4F4E-BDA6-7957E27A099B}.Release|Any CPU.Build.0 = Release|Any CPU
		{1E1194CD-06FF-4DAF-B77F-9DFB8C31439B}.Debug|Any CPU.ActiveCfg = Debug|Any CPU
		{1E1194CD-06FF-4DAF-B77F-9DFB8C31439B}.Debug|Any CPU.Build.0 = Debug|Any CPU
		{1E1194CD-06FF-4DAF-B77F-9DFB8C31439B}.Release|Any CPU.ActiveCfg = Release|Any CPU
		{1E1194CD-06FF-4DAF-B77F-9DFB8C31439B}.Release|Any CPU.Build.0 = Release|Any CPU
		{95D42013-7799-4830-8971-9CD5D20CD889}.Debug|Any CPU.ActiveCfg = Debug|Any CPU
		{95D42013-7799-4830-8971-9CD5D20CD889}.Debug|Any CPU.Build.0 = Debug|Any CPU
		{95D42013-7799-4830-8971-9CD5D20CD889}.Release|Any CPU.ActiveCfg = Release|Any CPU
		{95D42013-7799-4830-8971-9CD5D20CD889}.Release|Any CPU.Build.0 = Release|Any CPU
		{8161D20A-A842-4DB3-9B61-CF822C81B2F2}.Debug|Any CPU.ActiveCfg = Debug|Any CPU
		{8161D20A-A842-4DB3-9B61-CF822C81B2F2}.Debug|Any CPU.Build.0 = Debug|Any CPU
		{8161D20A-A842-4DB3-9B61-CF822C81B2F2}.Release|Any CPU.ActiveCfg = Release|Any CPU
		{8161D20A-A842-4DB3-9B61-CF822C81B2F2}.Release|Any CPU.Build.0 = Release|Any CPU
		{5ED4F792-0C72-46BA-A6A2-750A10D7349E}.Debug|Any CPU.ActiveCfg = Debug|Any CPU
		{5ED4F792-0C72-46BA-A6A2-750A10D7349E}.Debug|Any CPU.Build.0 = Debug|Any CPU
		{5ED4F792-0C72-46BA-A6A2-750A10D7349E}.Release|Any CPU.ActiveCfg = Release|Any CPU
		{5ED4F792-0C72-46BA-A6A2-750A10D7349E}.Release|Any CPU.Build.0 = Release|Any CPU
		{4B650E36-A2DE-4CE7-ABAA-144CBAAD7E56}.Debug|Any CPU.ActiveCfg = Debug|Any CPU
		{4B650E36-A2DE-4CE7-ABAA-144CBAAD7E56}.Debug|Any CPU.Build.0 = Debug|Any CPU
		{4B650E36-A2DE-4CE7-ABAA-144CBAAD7E56}.Release|Any CPU.ActiveCfg = Release|Any CPU
		{4B650E36-A2DE-4CE7-ABAA-144CBAAD7E56}.Release|Any CPU.Build.0 = Release|Any CPU
		{997C3B5B-99D0-404D-A5E3-FBA617685ABC}.Debug|Any CPU.ActiveCfg = Debug|Any CPU
		{997C3B5B-99D0-404D-A5E3-FBA617685ABC}.Debug|Any CPU.Build.0 = Debug|Any CPU
		{997C3B5B-99D0-404D-A5E3-FBA617685ABC}.Release|Any CPU.ActiveCfg = Release|Any CPU
		{997C3B5B-99D0-404D-A5E3-FBA617685ABC}.Release|Any CPU.Build.0 = Release|Any CPU
		{561C84CA-7FD2-4AD3-AF0A-4DDB56C043AC}.Debug|Any CPU.ActiveCfg = Debug|Any CPU
		{561C84CA-7FD2-4AD3-AF0A-4DDB56C043AC}.Debug|Any CPU.Build.0 = Debug|Any CPU
		{561C84CA-7FD2-4AD3-AF0A-4DDB56C043AC}.Release|Any CPU.ActiveCfg = Release|Any CPU
		{561C84CA-7FD2-4AD3-AF0A-4DDB56C043AC}.Release|Any CPU.Build.0 = Release|Any CPU
		{1CCEBD4C-6BD7-487F-8A9A-4C859F595001}.Debug|Any CPU.ActiveCfg = Debug|Any CPU
		{1CCEBD4C-6BD7-487F-8A9A-4C859F595001}.Debug|Any CPU.Build.0 = Debug|Any CPU
		{1CCEBD4C-6BD7-487F-8A9A-4C859F595001}.Release|Any CPU.ActiveCfg = Release|Any CPU
		{1CCEBD4C-6BD7-487F-8A9A-4C859F595001}.Release|Any CPU.Build.0 = Release|Any CPU
		{692AA595-A997-4907-87AB-4074C9A750E0}.Debug|Any CPU.ActiveCfg = Debug|Any CPU
		{692AA595-A997-4907-87AB-4074C9A750E0}.Debug|Any CPU.Build.0 = Debug|Any CPU
		{692AA595-A997-4907-87AB-4074C9A750E0}.Release|Any CPU.ActiveCfg = Release|Any CPU
		{692AA595-A997-4907-87AB-4074C9A750E0}.Release|Any CPU.Build.0 = Release|Any CPU
	EndGlobalSection
	GlobalSection(SolutionProperties) = preSolution
		HideSolutionNode = FALSE
	EndGlobalSection
	GlobalSection(ExtensibilityGlobals) = postSolution
		SolutionGuid = {E7A0FD92-44D8-478F-BAD0-063CE62BD5CF}
	EndGlobalSection
EndGlobal
